
Microsoft Visual Studio Solution File, Format Version 12.00
# Visual Studio Version 17
VisualStudioVersion = 17.7.34024.191
MinimumVisualStudioVersion = 10.0.40219.1
Project("{FAE04EC0-301F-11D3-BF4B-00C04F79EFBC}") = "harjoitus7", "harjoitus7.csproj", "{193EDADC-B351-42CF-92CB-16EE59BD1D63}"
EndProject
Global
	GlobalSection(SolutionConfigurationPlatforms) = preSolution
		Debug|Any CPU = Debug|Any CPU
		Release|Any CPU = Release|Any CPU
	EndGlobalSection
	GlobalSection(ProjectConfigurationPlatforms) = postSolution
		{193EDADC-B351-42CF-92CB-16EE59BD1D63}.Debug|Any CPU.ActiveCfg = Debug|Any CPU
		{193EDADC-B351-42CF-92CB-16EE59BD1D63}.Debug|Any CPU.Build.0 = Debug|Any CPU
		{193EDADC-B351-42CF-92CB-16EE59BD1D63}.Release|Any CPU.ActiveCfg = Release|Any CPU
		{193EDADC-B351-42CF-92CB-16EE59BD1D63}.Release|Any CPU.Build.0 = Release|Any CPU
	EndGlobalSection
	GlobalSection(SolutionProperties) = preSolution
		HideSolutionNode = FALSE
	EndGlobalSection
	GlobalSection(ExtensibilityGlobals) = postSolution
		SolutionGuid = {2DBDDE53-E000-46C0-9F19-6110B83FE0D6}
	EndGlobalSection
EndGlobal
